
Microsoft Visual Studio Solution File, Format Version 12.00
# Visual Studio Version 17
VisualStudioVersion = 17.11.35312.102
MinimumVisualStudioVersion = 10.0.40219.1
Project("{8BC9CEB8-8B4A-11D0-8D11-00A0C91BC942}") = "Task2", "Task2\Task2.vcxproj", "{10F9ED71-D6BF-4323-9279-39B5203A4AE7}"
EndProject
Global
	GlobalSection(SolutionConfigurationPlatforms) = preSolution
		Debug|x64 = Debug|x64
		Debug|x86 = Debug|x86
		Release|x64 = Release|x64
		Release|x86 = Release|x86
	EndGlobalSection
	GlobalSection(ProjectConfigurationPlatforms) = postSolution
		{10F9ED71-D6BF-4323-9279-39B5203A4AE7}.Debug|x64.ActiveCfg = Debug|x64
		{10F9ED71-D6BF-4323-9279-39B5203A4AE7}.Debug|x64.Build.0 = Debug|x64
		{10F9ED71-D6BF-4323-9279-39B5203A4AE7}.Debug|x86.ActiveCfg = Debug|Win32
		{10F9ED71-D6BF-4323-9279-39B5203A4AE7}.Debug|x86.Build.0 = Debug|Win32
		{10F9ED71-D6BF-4323-9279-39B5203A4AE7}.Release|x64.ActiveCfg = Release|x64
		{10F9ED71-D6BF-4323-9279-39B5203A4AE7}.Release|x64.Build.0 = Release|x64
		{10F9ED71-D6BF-4323-9279-39B5203A4AE7}.Release|x86.ActiveCfg = Release|Win32
		{10F9ED71-D6BF-4323-9279-39B5203A4AE7}.Release|x86.Build.0 = Release|Win32
	EndGlobalSection
	GlobalSection(SolutionProperties) = preSolution
		HideSolutionNode = FALSE
	EndGlobalSection
	GlobalSection(ExtensibilityGlobals) = postSolution
		SolutionGuid = {B4CC6440-6FF4-4CD5-8112-32212C7CD59C}
	EndGlobalSection
EndGlobal
